
Microsoft Visual Studio Solution File, Format Version 12.00
# Visual Studio Version 16
VisualStudioVersion = 16.0.809.0
MinimumVisualStudioVersion = 10.0.40219.1
Project("{FAE04EC0-301F-11D3-BF4B-00C04F79EFBC}") = "assingment1", "assingment1\assingment1.csproj", "{C935D75E-34E6-4502-946C-15659D44FBE0}"
EndProject
Global
	GlobalSection(SolutionConfigurationPlatforms) = preSolution
		Debug|Any CPU = Debug|Any CPU
		Release|Any CPU = Release|Any CPU
	EndGlobalSection
	GlobalSection(ProjectConfigurationPlatforms) = postSolution
		{C935D75E-34E6-4502-946C-15659D44FBE0}.Debug|Any CPU.ActiveCfg = Debug|Any CPU
		{C935D75E-34E6-4502-946C-15659D44FBE0}.Debug|Any CPU.Build.0 = Debug|Any CPU
		{C935D75E-34E6-4502-946C-15659D44FBE0}.Release|Any CPU.ActiveCfg = Release|Any CPU
		{C935D75E-34E6-4502-946C-15659D44FBE0}.Release|Any CPU.Build.0 = Release|Any CPU
	EndGlobalSection
	GlobalSection(SolutionProperties) = preSolution
		HideSolutionNode = FALSE
	EndGlobalSection
	GlobalSection(ExtensibilityGlobals) = postSolution
		SolutionGuid = {89598F01-6B13-470C-B1C0-C20A6956E18F}
	EndGlobalSection
EndGlobal
